
Microsoft Visual Studio Solution File, Format Version 10.00
# Visual Studio 2008
Project("{8BC9CEB8-8B4A-11D0-8D11-00A0C91BC942}") = "VBoxVm", "VBoxVmService.vcproj", "{69A7159E-2EC6-4884-BCC3-220CC5E2115C}"
EndProject
Project("{8BC9CEB8-8B4A-11D0-8D11-00A0C91BC942}") = "VmServiceControl", "VmServiceControl.vcproj", "{DE12B8FD-0A1C-4101-B900-D24229BEFDB3}"
EndProject
Global
	GlobalSection(SolutionConfigurationPlatforms) = preSolution
		Debug|Win32 = Debug|Win32
		Debug|x64 = Debug|x64
		Release|Win32 = Release|Win32
		Release|x64 = Release|x64
	EndGlobalSection
	GlobalSection(ProjectConfigurationPlatforms) = postSolution
		{69A7159E-2EC6-4884-BCC3-220CC5E2115C}.Debug|Win32.ActiveCfg = Debug|Win32
		{69A7159E-2EC6-4884-BCC3-220CC5E2115C}.Debug|Win32.Build.0 = Debug|Win32
		{69A7159E-2EC6-4884-BCC3-220CC5E2115C}.Debug|x64.ActiveCfg = Debug|x64
		{69A7159E-2EC6-4884-BCC3-220CC5E2115C}.Debug|x64.Build.0 = Debug|x64
		{69A7159E-2EC6-4884-BCC3-220CC5E2115C}.Release|Win32.ActiveCfg = Release|Win32
		{69A7159E-2EC6-4884-BCC3-220CC5E2115C}.Release|Win32.Build.0 = Release|Win32
		{69A7159E-2EC6-4884-BCC3-220CC5E2115C}.Release|x64.ActiveCfg = Release|x64
		{69A7159E-2EC6-4884-BCC3-220CC5E2115C}.Release|x64.Build.0 = Release|x64
		{DE12B8FD-0A1C-4101-B900-D24229BEFDB3}.Debug|Win32.ActiveCfg = Debug|Win32
		{DE12B8FD-0A1C-4101-B900-D24229BEFDB3}.Debug|Win32.Build.0 = Debug|Win32
		{DE12B8FD-0A1C-4101-B900-D24229BEFDB3}.Debug|x64.ActiveCfg = Debug|x64
		{DE12B8FD-0A1C-4101-B900-D24229BEFDB3}.Debug|x64.Build.0 = Debug|x64
		{DE12B8FD-0A1C-4101-B900-D24229BEFDB3}.Release|Win32.ActiveCfg = Release|Win32
		{DE12B8FD-0A1C-4101-B900-D24229BEFDB3}.Release|Win32.Build.0 = Release|Win32
		{DE12B8FD-0A1C-4101-B900-D24229BEFDB3}.Release|x64.ActiveCfg = Release|x64
		{DE12B8FD-0A1C-4101-B900-D24229BEFDB3}.Release|x64.Build.0 = Release|x64
	EndGlobalSection
	GlobalSection(SolutionProperties) = preSolution
		HideSolutionNode = FALSE
	EndGlobalSection
EndGlobal
